
Microsoft Visual Studio Solution File, Format Version 12.00
# Visual Studio Version 17
VisualStudioVersion = 17.7.34009.444
MinimumVisualStudioVersion = 10.0.40219.1
Project("{FAE04EC0-301F-11D3-BF4B-00C04F79EFBC}") = "WindowsFormsTestScichart", "WindowsFormsTestScichart.csproj", "{CC7C8F90-B857-4825-991B-A878AAA56530}"
EndProject
Global
	GlobalSection(SolutionConfigurationPlatforms) = preSolution
		Debug|Any CPU = Debug|Any CPU
		Release|Any CPU = Release|Any CPU
	EndGlobalSection
	GlobalSection(ProjectConfigurationPlatforms) = postSolution
		{CC7C8F90-B857-4825-991B-A878AAA56530}.Debug|Any CPU.ActiveCfg = Debug|Any CPU
		{CC7C8F90-B857-4825-991B-A878AAA56530}.Debug|Any CPU.Build.0 = Debug|Any CPU
		{CC7C8F90-B857-4825-991B-A878AAA56530}.Release|Any CPU.ActiveCfg = Release|Any CPU
		{CC7C8F90-B857-4825-991B-A878AAA56530}.Release|Any CPU.Build.0 = Release|Any CPU
	EndGlobalSection
	GlobalSection(SolutionProperties) = preSolution
		HideSolutionNode = FALSE
	EndGlobalSection
	GlobalSection(ExtensibilityGlobals) = postSolution
		SolutionGuid = {4CC22421-0F8B-486A-A50E-BAFE914C8D50}
	EndGlobalSection
EndGlobal
